
Microsoft Visual Studio Solution File, Format Version 12.00
# Visual Studio 15
VisualStudioVersion = 15.0.26403.3
MinimumVisualStudioVersion = 10.0.40219.1
Project("{2150E333-8FDC-42A3-9474-1A3956D46DE8}") = "Lib", "Lib", "{D2EAA68D-E04B-46EC-B081-AA5FB99DA90B}"
EndProject
Project("{2150E333-8FDC-42A3-9474-1A3956D46DE8}") = "Web", "Web", "{9F366E86-A91B-41BD-A6BD-910E691C71E0}"
EndProject
Project("{2150E333-8FDC-42A3-9474-1A3956D46DE8}") = "Data", "Data", "{C33AE63E-9B99-4D2E-9EDC-BEA152AB49A6}"
EndProject
Project("{FAE04EC0-301F-11D3-BF4B-00C04F79EFBC}") = "Ncb.Admin", "Web\Ncb.Admin\Ncb.Admin.csproj", "{6FF05216-A8A3-4CFB-8D90-2C32DE5467CA}"
EndProject
Project("{2150E333-8FDC-42A3-9474-1A3956D46DE8}") = "Services", "Services", "{27F0A198-A01A-43A9-8B4A-3297A128DAA5}"
EndProject
Project("{FAE04EC0-301F-11D3-BF4B-00C04F79EFBC}") = "Framework.Auth", "..\Framework\Libraries\Framework.Auth\Framework.Auth.csproj", "{E78D02B3-9DCB-4A56-923C-C09B6B8A4D3A}"
EndProject
Project("{FAE04EC0-301F-11D3-BF4B-00C04F79EFBC}") = "Framework.Common", "..\Framework\Libraries\Framework.Common\Framework.Common.csproj", "{010B396C-F2B7-48D6-B6A3-98FF40996221}"
EndProject
Project("{FAE04EC0-301F-11D3-BF4B-00C04F79EFBC}") = "Framework.Data", "..\Framework\Libraries\Framework.Data\Framework.Data.csproj", "{ECB78CDF-8494-44AE-86FE-04881DC1AE60}"
EndProject
Project("{FAE04EC0-301F-11D3-BF4B-00C04F79EFBC}") = "Ncb.Data", "Data\Ncb.Data\Ncb.Data.csproj", "{7BC976BD-01A2-4C4C-8E3B-580F71FBDB92}"
EndProject
Project("{2150E333-8FDC-42A3-9474-1A3956D46DE8}") = "ViewModels", "ViewModels", "{37594B8B-16CC-4A85-A626-636EE50DFC2A}"
EndProject
Project("{FAE04EC0-301F-11D3-BF4B-00C04F79EFBC}") = "Ncb.AdminViewModels", "ViewModels\Ncb.ViewModels\Ncb.AdminViewModels.csproj", "{CFC140CF-3AE6-4E4C-80FF-B7E81D14C9D8}"
EndProject
Project("{FAE04EC0-301F-11D3-BF4B-00C04F79EFBC}") = "Ncb.AppViewModels", "ViewModels\Ncb.AppViewModel\Ncb.AppViewModels.csproj", "{4CFC480E-5300-4E52-8E2B-1F1B1C540980}"
EndProject
Project("{2150E333-8FDC-42A3-9474-1A3956D46DE8}") = "Manager", "Manager", "{9FE46A74-478E-4609-8D3E-C18382B10D70}"
EndProject
Project("{FAE04EC0-301F-11D3-BF4B-00C04F79EFBC}") = "Ncb.DataManager", "Manager\Ncb.DataManager\Ncb.DataManager.csproj", "{5442FDD0-393E-4F7C-B412-3087E032B649}"
EndProject
Project("{FAE04EC0-301F-11D3-BF4B-00C04F79EFBC}") = "Ncb.AppDataManager", "Manager\Ncb.AppDataManager\Ncb.AppDataManager.csproj", "{558477A5-1BBF-4CC7-8377-B386D9925B2A}"
EndProject
Project("{FAE04EC0-301F-11D3-BF4B-00C04F79EFBC}") = "Ncb.AppServices", "Services\Ncb.AppServices\Ncb.AppServices.csproj", "{B51B2453-8BB5-4F79-BD40-C490F80DF609}"
EndProject
Global
	GlobalSection(SolutionConfigurationPlatforms) = preSolution
		Debug|Any CPU = Debug|Any CPU
		Release|Any CPU = Release|Any CPU
	EndGlobalSection
	GlobalSection(ProjectConfigurationPlatforms) = postSolution
		{6FF05216-A8A3-4CFB-8D90-2C32DE5467CA}.Debug|Any CPU.ActiveCfg = Debug|Any CPU
		{6FF05216-A8A3-4CFB-8D90-2C32DE5467CA}.Debug|Any CPU.Build.0 = Debug|Any CPU
		{6FF05216-A8A3-4CFB-8D90-2C32DE5467CA}.Release|Any CPU.ActiveCfg = Release|Any CPU
		{6FF05216-A8A3-4CFB-8D90-2C32DE5467CA}.Release|Any CPU.Build.0 = Release|Any CPU
		{E78D02B3-9DCB-4A56-923C-C09B6B8A4D3A}.Debug|Any CPU.ActiveCfg = Debug|Any CPU
		{E78D02B3-9DCB-4A56-923C-C09B6B8A4D3A}.Debug|Any CPU.Build.0 = Debug|Any CPU
		{E78D02B3-9DCB-4A56-923C-C09B6B8A4D3A}.Release|Any CPU.ActiveCfg = Release|Any CPU
		{E78D02B3-9DCB-4A56-923C-C09B6B8A4D3A}.Release|Any CPU.Build.0 = Release|Any CPU
		{010B396C-F2B7-48D6-B6A3-98FF40996221}.Debug|Any CPU.ActiveCfg = Debug|Any CPU
		{010B396C-F2B7-48D6-B6A3-98FF40996221}.Debug|Any CPU.Build.0 = Debug|Any CPU
		{010B396C-F2B7-48D6-B6A3-98FF40996221}.Release|Any CPU.ActiveCfg = Release|Any CPU
		{010B396C-F2B7-48D6-B6A3-98FF40996221}.Release|Any CPU.Build.0 = Release|Any CPU
		{ECB78CDF-8494-44AE-86FE-04881DC1AE60}.Debug|Any CPU.ActiveCfg = Debug|Any CPU
		{ECB78CDF-8494-44AE-86FE-04881DC1AE60}.Debug|Any CPU.Build.0 = Debug|Any CPU
		{ECB78CDF-8494-44AE-86FE-04881DC1AE60}.Release|Any CPU.ActiveCfg = Release|Any CPU
		{ECB78CDF-8494-44AE-86FE-04881DC1AE60}.Release|Any CPU.Build.0 = Release|Any CPU
		{7BC976BD-01A2-4C4C-8E3B-580F71FBDB92}.Debug|Any CPU.ActiveCfg = Debug|Any CPU
		{7BC976BD-01A2-4C4C-8E3B-580F71FBDB92}.Debug|Any CPU.Build.0 = Debug|Any CPU
		{7BC976BD-01A2-4C4C-8E3B-580F71FBDB92}.Release|Any CPU.ActiveCfg = Release|Any CPU
		{7BC976BD-01A2-4C4C-8E3B-580F71FBDB92}.Release|Any CPU.Build.0 = Release|Any CPU
		{CFC140CF-3AE6-4E4C-80FF-B7E81D14C9D8}.Debug|Any CPU.ActiveCfg = Debug|Any CPU
		{CFC140CF-3AE6-4E4C-80FF-B7E81D14C9D8}.Debug|Any CPU.Build.0 = Debug|Any CPU
		{CFC140CF-3AE6-4E4C-80FF-B7E81D14C9D8}.Release|Any CPU.ActiveCfg = Release|Any CPU
		{CFC140CF-3AE6-4E4C-80FF-B7E81D14C9D8}.Release|Any CPU.Build.0 = Release|Any CPU
		{4CFC480E-5300-4E52-8E2B-1F1B1C540980}.Debug|Any CPU.ActiveCfg = Debug|Any CPU
		{4CFC480E-5300-4E52-8E2B-1F1B1C540980}.Debug|Any CPU.Build.0 = Debug|Any CPU
		{4CFC480E-5300-4E52-8E2B-1F1B1C540980}.Release|Any CPU.ActiveCfg = Release|Any CPU
		{4CFC480E-5300-4E52-8E2B-1F1B1C540980}.Release|Any CPU.Build.0 = Release|Any CPU
		{5442FDD0-393E-4F7C-B412-3087E032B649}.Debug|Any CPU.ActiveCfg = Debug|Any CPU
		{5442FDD0-393E-4F7C-B412-3087E032B649}.Debug|Any CPU.Build.0 = Debug|Any CPU
		{5442FDD0-393E-4F7C-B412-3087E032B649}.Release|Any CPU.ActiveCfg = Release|Any CPU
		{5442FDD0-393E-4F7C-B412-3087E032B649}.Release|Any CPU.Build.0 = Release|Any CPU
		{558477A5-1BBF-4CC7-8377-B386D9925B2A}.Debug|Any CPU.ActiveCfg = Debug|Any CPU
		{558477A5-1BBF-4CC7-8377-B386D9925B2A}.Debug|Any CPU.Build.0 = Debug|Any CPU
		{558477A5-1BBF-4CC7-8377-B386D9925B2A}.Release|Any CPU.ActiveCfg = Release|Any CPU
		{558477A5-1BBF-4CC7-8377-B386D9925B2A}.Release|Any CPU.Build.0 = Release|Any CPU
		{B51B2453-8BB5-4F79-BD40-C490F80DF609}.Debug|Any CPU.ActiveCfg = Debug|Any CPU
		{B51B2453-8BB5-4F79-BD40-C490F80DF609}.Debug|Any CPU.Build.0 = Debug|Any CPU
		{B51B2453-8BB5-4F79-BD40-C490F80DF609}.Release|Any CPU.ActiveCfg = Release|Any CPU
		{B51B2453-8BB5-4F79-BD40-C490F80DF609}.Release|Any CPU.Build.0 = Release|Any CPU
	EndGlobalSection
	GlobalSection(SolutionProperties) = preSolution
		HideSolutionNode = FALSE
	EndGlobalSection
	GlobalSection(NestedProjects) = preSolution
		{6FF05216-A8A3-4CFB-8D90-2C32DE5467CA} = {9F366E86-A91B-41BD-A6BD-910E691C71E0}
		{E78D02B3-9DCB-4A56-923C-C09B6B8A4D3A} = {D2EAA68D-E04B-46EC-B081-AA5FB99DA90B}
		{010B396C-F2B7-48D6-B6A3-98FF40996221} = {D2EAA68D-E04B-46EC-B081-AA5FB99DA90B}
		{ECB78CDF-8494-44AE-86FE-04881DC1AE60} = {D2EAA68D-E04B-46EC-B081-AA5FB99DA90B}
		{7BC976BD-01A2-4C4C-8E3B-580F71FBDB92} = {C33AE63E-9B99-4D2E-9EDC-BEA152AB49A6}
		{CFC140CF-3AE6-4E4C-80FF-B7E81D14C9D8} = {37594B8B-16CC-4A85-A626-636EE50DFC2A}
		{4CFC480E-5300-4E52-8E2B-1F1B1C540980} = {37594B8B-16CC-4A85-A626-636EE50DFC2A}
		{5442FDD0-393E-4F7C-B412-3087E032B649} = {9FE46A74-478E-4609-8D3E-C18382B10D70}
		{558477A5-1BBF-4CC7-8377-B386D9925B2A} = {9FE46A74-478E-4609-8D3E-C18382B10D70}
		{B51B2453-8BB5-4F79-BD40-C490F80DF609} = {27F0A198-A01A-43A9-8B4A-3297A128DAA5}
	EndGlobalSection
EndGlobal
